
Microsoft Visual Studio Solution File, Format Version 12.00
# Visual Studio Version 17
VisualStudioVersion = 17.6.33723.286
MinimumVisualStudioVersion = 10.0.40219.1
Project("{FAE04EC0-301F-11D3-BF4B-00C04F79EFBC}") = "WebApplication3", "WebApplication3\WebApplication3.csproj", "{62854F9A-5D13-430E-B473-CE6A3757C464}"
EndProject
Global
	GlobalSection(SolutionConfigurationPlatforms) = preSolution
		Debug|Any CPU = Debug|Any CPU
		Release|Any CPU = Release|Any CPU
	EndGlobalSection
	GlobalSection(ProjectConfigurationPlatforms) = postSolution
		{62854F9A-5D13-430E-B473-CE6A3757C464}.Debug|Any CPU.ActiveCfg = Debug|Any CPU
		{62854F9A-5D13-430E-B473-CE6A3757C464}.Debug|Any CPU.Build.0 = Debug|Any CPU
		{62854F9A-5D13-430E-B473-CE6A3757C464}.Release|Any CPU.ActiveCfg = Release|Any CPU
		{62854F9A-5D13-430E-B473-CE6A3757C464}.Release|Any CPU.Build.0 = Release|Any CPU
	EndGlobalSection
	GlobalSection(SolutionProperties) = preSolution
		HideSolutionNode = FALSE
	EndGlobalSection
	GlobalSection(ExtensibilityGlobals) = postSolution
		SolutionGuid = {58A1F4E5-474D-4C3C-AE7D-AC3B1D6AC2F8}
	EndGlobalSection
EndGlobal
